// !$*UTF8*$!
{
	archiveVersion = 1;
	classes = {
	};
	objectVersion = 50;
	objects = {

/* Begin PBXBuildFile section */
		CA2586CE251DBC4E00920513 /* JetRequest.framework in Frameworks */ = {isa = PBXBuildFile; fileRef = CA2586C4251DBC4D00920513 /* JetRequest.framework */; };
		CA2586D3251DBC4E00920513 /* JetRequestTests.swift in Sources */ = {isa = PBXBuildFile; fileRef = CA2586D2251DBC4E00920513 /* JetRequestTests.swift */; };
		CA2586D5251DBC4E00920513 /* JetRequest.h in Headers */ = {isa = PBXBuildFile; fileRef = CA2586C7251DBC4D00920513 /* JetRequest.h */; settings = {ATTRIBUTES = (Public, ); }; };
		CA2586DF251DBC6300920513 /* JetRequest.swift in Sources */ = {isa = PBXBuildFile; fileRef = CA2586DE251DBC6300920513 /* JetRequest.swift */; };
		CA2586E1251DBE3A00920513 /* Request.swift in Sources */ = {isa = PBXBuildFile; fileRef = CA2586E0251DBE3A00920513 /* Request.swift */; };
		CA2586E3251DC74600920513 /* RequestBuilder.swift in Sources */ = {isa = PBXBuildFile; fileRef = CA2586E2251DC74600920513 /* RequestBuilder.swift */; };
		CA2586E5251DD27200920513 /* Date+Decodable.swift in Sources */ = {isa = PBXBuildFile; fileRef = CA2586E4251DD27200920513 /* Date+Decodable.swift */; };
		CAA9ED63251DDA0000827335 /* ParametersEncoding.swift in Sources */ = {isa = PBXBuildFile; fileRef = CAA9ED62251DDA0000827335 /* ParametersEncoding.swift */; };
		CAA9ED65251DDA1800827335 /* HTTPMethod.swift in Sources */ = {isa = PBXBuildFile; fileRef = CAA9ED64251DDA1800827335 /* HTTPMethod.swift */; };
/* End PBXBuildFile section */

/* Begin PBXContainerItemProxy section */
		CA2586CF251DBC4E00920513 /* PBXContainerItemProxy */ = {
			isa = PBXContainerItemProxy;
			containerPortal = CA2586BB251DBC4D00920513 /* Project object */;
			proxyType = 1;
			remoteGlobalIDString = CA2586C3251DBC4D00920513;
			remoteInfo = JetRequest;
		};
/* End PBXContainerItemProxy section */

/* Begin PBXFileReference section */
		CA2586C4251DBC4D00920513 /* JetRequest.framework */ = {isa = PBXFileReference; explicitFileType = wrapper.framework; includeInIndex = 0; path = JetRequest.framework; sourceTree = BUILT_PRODUCTS_DIR; };
		CA2586C7251DBC4D00920513 /* JetRequest.h */ = {isa = PBXFileReference; lastKnownFileType = sourcecode.c.h; path = JetRequest.h; sourceTree = "<group>"; };
		CA2586C8251DBC4D00920513 /* Info.plist */ = {isa = PBXFileReference; lastKnownFileType = text.plist.xml; path = Info.plist; sourceTree = "<group>"; };
		CA2586CD251DBC4E00920513 /* JetRequestTests.xctest */ = {isa = PBXFileReference; explicitFileType = wrapper.cfbundle; includeInIndex = 0; path = JetRequestTests.xctest; sourceTree = BUILT_PRODUCTS_DIR; };
		CA2586D2251DBC4E00920513 /* JetRequestTests.swift */ = {isa = PBXFileReference; lastKnownFileType = sourcecode.swift; path = JetRequestTests.swift; sourceTree = "<group>"; };
		CA2586D4251DBC4E00920513 /* Info.plist */ = {isa = PBXFileReference; lastKnownFileType = text.plist.xml; path = Info.plist; sourceTree = "<group>"; };
		CA2586DE251DBC6300920513 /* JetRequest.swift */ = {isa = PBXFileReference; lastKnownFileType = sourcecode.swift; path = JetRequest.swift; sourceTree = "<group>"; };
		CA2586E0251DBE3A00920513 /* Request.swift */ = {isa = PBXFileReference; lastKnownFileType = sourcecode.swift; path = Request.swift; sourceTree = "<group>"; };
		CA2586E2251DC74600920513 /* RequestBuilder.swift */ = {isa = PBXFileReference; lastKnownFileType = sourcecode.swift; path = RequestBuilder.swift; sourceTree = "<group>"; };
		CA2586E4251DD27200920513 /* Date+Decodable.swift */ = {isa = PBXFileReference; lastKnownFileType = sourcecode.swift; path = "Date+Decodable.swift"; sourceTree = "<group>"; };
		CAA9ED62251DDA0000827335 /* ParametersEncoding.swift */ = {isa = PBXFileReference; lastKnownFileType = sourcecode.swift; path = ParametersEncoding.swift; sourceTree = "<group>"; };
		CAA9ED64251DDA1800827335 /* HTTPMethod.swift */ = {isa = PBXFileReference; lastKnownFileType = sourcecode.swift; path = HTTPMethod.swift; sourceTree = "<group>"; };
/* End PBXFileReference section */

/* Begin PBXFrameworksBuildPhase section */
		CA2586C1251DBC4D00920513 /* Frameworks */ = {
			isa = PBXFrameworksBuildPhase;
			buildActionMask = 2147483647;
			files = (
			);
			runOnlyForDeploymentPostprocessing = 0;
		};
		CA2586CA251DBC4E00920513 /* Frameworks */ = {
			isa = PBXFrameworksBuildPhase;
			buildActionMask = 2147483647;
			files = (
				CA2586CE251DBC4E00920513 /* JetRequest.framework in Frameworks */,
			);
			runOnlyForDeploymentPostprocessing = 0;
		};
/* End PBXFrameworksBuildPhase section */

/* Begin PBXGroup section */
		CA2586BA251DBC4D00920513 = {
			isa = PBXGroup;
			children = (
				CA2586C6251DBC4D00920513 /* JetRequest */,
				CA2586D1251DBC4E00920513 /* JetRequestTests */,
				CA2586C5251DBC4D00920513 /* Products */,
			);
			sourceTree = "<group>";
		};
		CA2586C5251DBC4D00920513 /* Products */ = {
			isa = PBXGroup;
			children = (
				CA2586C4251DBC4D00920513 /* JetRequest.framework */,
				CA2586CD251DBC4E00920513 /* JetRequestTests.xctest */,
			);
			name = Products;
			sourceTree = "<group>";
		};
		CA2586C6251DBC4D00920513 /* JetRequest */ = {
			isa = PBXGroup;
			children = (
				CA2586C7251DBC4D00920513 /* JetRequest.h */,
				CA2586C8251DBC4D00920513 /* Info.plist */,
				CA2586DE251DBC6300920513 /* JetRequest.swift */,
				CA2586E0251DBE3A00920513 /* Request.swift */,
				CA2586E2251DC74600920513 /* RequestBuilder.swift */,
				CA2586E4251DD27200920513 /* Date+Decodable.swift */,
				CAA9ED62251DDA0000827335 /* ParametersEncoding.swift */,
				CAA9ED64251DDA1800827335 /* HTTPMethod.swift */,
			);
			path = JetRequest;
			sourceTree = "<group>";
		};
		CA2586D1251DBC4E00920513 /* JetRequestTests */ = {
			isa = PBXGroup;
			children = (
				CA2586D2251DBC4E00920513 /* JetRequestTests.swift */,
				CA2586D4251DBC4E00920513 /* Info.plist */,
			);
			path = JetRequestTests;
			sourceTree = "<group>";
		};
/* End PBXGroup section */

/* Begin PBXHeadersBuildPhase section */
		CA2586BF251DBC4D00920513 /* Headers */ = {
			isa = PBXHeadersBuildPhase;
			buildActionMask = 2147483647;
			files = (
				CA2586D5251DBC4E00920513 /* JetRequest.h in Headers */,
			);
			runOnlyForDeploymentPostprocessing = 0;
		};
/* End PBXHeadersBuildPhase section */

/* Begin PBXNativeTarget section */
		CA2586C3251DBC4D00920513 /* JetRequest */ = {
			isa = PBXNativeTarget;
			buildConfigurationList = CA2586D8251DBC4E00920513 /* Build configuration list for PBXNativeTarget "JetRequest" */;
			buildPhases = (
				CA2586BF251DBC4D00920513 /* Headers */,
				CA2586C0251DBC4D00920513 /* Sources */,
				CA2586C1251DBC4D00920513 /* Frameworks */,
				CA2586C2251DBC4D00920513 /* Resources */,
			);
			buildRules = (
			);
			dependencies = (
			);
			name = JetRequest;
			productName = JetRequest;
			productReference = CA2586C4251DBC4D00920513 /* JetRequest.framework */;
			productType = "com.apple.product-type.framework";
		};
		CA2586CC251DBC4E00920513 /* JetRequestTests */ = {
			isa = PBXNativeTarget;
			buildConfigurationList = CA2586DB251DBC4E00920513 /* Build configuration list for PBXNativeTarget "JetRequestTests" */;
			buildPhases = (
				CA2586C9251DBC4E00920513 /* Sources */,
				CA2586CA251DBC4E00920513 /* Frameworks */,
				CA2586CB251DBC4E00920513 /* Resources */,
			);
			buildRules = (
			);
			dependencies = (
				CA2586D0251DBC4E00920513 /* PBXTargetDependency */,
			);
			name = JetRequestTests;
			productName = JetRequestTests;
			productReference = CA2586CD251DBC4E00920513 /* JetRequestTests.xctest */;
			productType = "com.apple.product-type.bundle.unit-test";
		};
/* End PBXNativeTarget section */

/* Begin PBXProject section */
		CA2586BB251DBC4D00920513 /* Project object */ = {
			isa = PBXProject;
			attributes = {
				LastSwiftUpdateCheck = 1000;
				LastUpgradeCheck = 1000;
				ORGANIZATIONNAME = Yousef;
				TargetAttributes = {
					CA2586C3251DBC4D00920513 = {
						CreatedOnToolsVersion = 10.0;
						LastSwiftMigration = 1000;
					};
					CA2586CC251DBC4E00920513 = {
						CreatedOnToolsVersion = 10.0;
					};
				};
			};
			buildConfigurationList = CA2586BE251DBC4D00920513 /* Build configuration list for PBXProject "JetRequest" */;
			compatibilityVersion = "Xcode 9.3";
			developmentRegion = en;
			hasScannedForEncodings = 0;
			knownRegions = (
				en,
			);
			mainGroup = CA2586BA251DBC4D00920513;
			productRefGroup = CA2586C5251DBC4D00920513 /* Products */;
			projectDirPath = "";
			projectRoot = "";
			targets = (
				CA2586C3251DBC4D00920513 /* JetRequest */,
				CA2586CC251DBC4E00920513 /* JetRequestTests */,
			);
		};
/* End PBXProject section */

/* Begin PBXResourcesBuildPhase section */
		CA2586C2251DBC4D00920513 /* Resources */ = {
			isa = PBXResourcesBuildPhase;
			buildActionMask = 2147483647;
			files = (
			);
			runOnlyForDeploymentPostprocessing = 0;
		};
		CA2586CB251DBC4E00920513 /* Resources */ = {
			isa = PBXResourcesBuildPhase;
			buildActionMask = 2147483647;
			files = (
			);
			runOnlyForDeploymentPostprocessing = 0;
		};
/* End PBXResourcesBuildPhase section */

/* Begin PBXSourcesBuildPhase section */
		CA2586C0251DBC4D00920513 /* Sources */ = {
			isa = PBXSourcesBuildPhase;
			buildActionMask = 2147483647;
			files = (
				CA2586E3251DC74600920513 /* RequestBuilder.swift in Sources */,
				CA2586DF251DBC6300920513 /* JetRequest.swift in Sources */,
				CAA9ED65251DDA1800827335 /* HTTPMethod.swift in Sources */,
				CA2586E1251DBE3A00920513 /* Request.swift in Sources */,
				CAA9ED63251DDA0000827335 /* ParametersEncoding.swift in Sources */,
				CA2586E5251DD27200920513 /* Date+Decodable.swift in Sources */,
			);
			runOnlyForDeploymentPostprocessing = 0;
		};
		CA2586C9251DBC4E00920513 /* Sources */ = {
			isa = PBXSourcesBuildPhase;
			buildActionMask = 2147483647;
			files = (
				CA2586D3251DBC4E00920513 /* JetRequestTests.swift in Sources */,
			);
			runOnlyForDeploymentPostprocessing = 0;
		};
/* End PBXSourcesBuildPhase section */

/* Begin PBXTargetDependency section */
		CA2586D0251DBC4E00920513 /* PBXTargetDependency */ = {
			isa = PBXTargetDependency;
			target = CA2586C3251DBC4D00920513 /* JetRequest */;
			targetProxy = CA2586CF251DBC4E00920513 /* PBXContainerItemProxy */;
		};
/* End PBXTargetDependency section */

/* Begin XCBuildConfiguration section */
		CA2586D6251DBC4E00920513 /* Debug */ = {
			isa = XCBuildConfiguration;
			buildSettings = {
				ALWAYS_SEARCH_USER_PATHS = NO;
				CLANG_ANALYZER_NONNULL = YES;
				CLANG_ANALYZER_NUMBER_OBJECT_CONVERSION = YES_AGGRESSIVE;
				CLANG_CXX_LANGUAGE_STANDARD = "gnu++14";
				CLANG_CXX_LIBRARY = "libc++";
				CLANG_ENABLE_MODULES = YES;
				CLANG_ENABLE_OBJC_ARC = YES;
				CLANG_ENABLE_OBJC_WEAK = YES;
				CLANG_WARN_BLOCK_CAPTURE_AUTORELEASING = YES;
				CLANG_WARN_BOOL_CONVERSION = YES;
				CLANG_WARN_COMMA = YES;
				CLANG_WARN_CONSTANT_CONVERSION = YES;
				CLANG_WARN_DEPRECATED_OBJC_IMPLEMENTATIONS = YES;
				CLANG_WARN_DIRECT_OBJC_ISA_USAGE = YES_ERROR;
				CLANG_WARN_DOCUMENTATION_COMMENTS = YES;
				CLANG_WARN_EMPTY_BODY = YES;
				CLANG_WARN_ENUM_CONVERSION = YES;
				CLANG_WARN_INFINITE_RECURSION = YES;
				CLANG_WARN_INT_CONVERSION = YES;
				CLANG_WARN_NON_LITERAL_NULL_CONVERSION = YES;
				CLANG_WARN_OBJC_IMPLICIT_RETAIN_SELF = YES;
				CLANG_WARN_OBJC_LITERAL_CONVERSION = YES;
				CLANG_WARN_OBJC_ROOT_CLASS = YES_ERROR;
				CLANG_WARN_RANGE_LOOP_ANALYSIS = YES;
				CLANG_WARN_STRICT_PROTOTYPES = YES;
				CLANG_WARN_SUSPICIOUS_MOVE = YES;
				CLANG_WARN_UNGUARDED_AVAILABILITY = YES_AGGRESSIVE;
				CLANG_WARN_UNREACHABLE_CODE = YES;
				CLANG_WARN__DUPLICATE_METHOD_MATCH = YES;
				CODE_SIGN_IDENTITY = "iPhone Developer";
				COPY_PHASE_STRIP = NO;
				CURRENT_PROJECT_VERSION = 1;
				DEBUG_INFORMATION_FORMAT = dwarf;
				ENABLE_STRICT_OBJC_MSGSEND = YES;
				ENABLE_TESTABILITY = YES;
				GCC_C_LANGUAGE_STANDARD = gnu11;
				GCC_DYNAMIC_NO_PIC = NO;
				GCC_NO_COMMON_BLOCKS = YES;
				GCC_OPTIMIZATION_LEVEL = 0;
				GCC_PREPROCESSOR_DEFINITIONS = (
					"DEBUG=1",
					"$(inherited)",
				);
				GCC_WARN_64_TO_32_BIT_CONVERSION = YES;
				GCC_WARN_ABOUT_RETURN_TYPE = YES_ERROR;
				GCC_WARN_UNDECLARED_SELECTOR = YES;
				GCC_WARN_UNINITIALIZED_AUTOS = YES_AGGRESSIVE;
				GCC_WARN_UNUSED_FUNCTION = YES;
				GCC_WARN_UNUSED_VARIABLE = YES;
				IPHONEOS_DEPLOYMENT_TARGET = 12.0;
				MTL_ENABLE_DEBUG_INFO = INCLUDE_SOURCE;
				MTL_FAST_MATH = YES;
				ONLY_ACTIVE_ARCH = YES;
				SDKROOT = iphoneos;
				SWIFT_ACTIVE_COMPILATION_CONDITIONS = DEBUG;
				SWIFT_OPTIMIZATION_LEVEL = "-Onone";
				VERSIONING_SYSTEM = "apple-generic";
				VERSION_INFO_PREFIX = "";
			};
			name = Debug;
		};
		CA2586D7251DBC4E00920513 /* Release */ = {
			isa = XCBuildConfiguration;
			buildSettings = {
				ALWAYS_SEARCH_USER_PATHS = NO;
				CLANG_ANALYZER_NONNULL = YES;
				CLANG_ANALYZER_NUMBER_OBJECT_CONVERSION = YES_AGGRESSIVE;
				CLANG_CXX_LANGUAGE_STANDARD = "gnu++14";
				CLANG_CXX_LIBRARY = "libc++";
				CLANG_ENABLE_MODULES = YES;
				CLANG_ENABLE_OBJC_ARC = YES;
				CLANG_ENABLE_OBJC_WEAK = YES;
				CLANG_WARN_BLOCK_CAPTURE_AUTORELEASING = YES;
				CLANG_WARN_BOOL_CONVERSION = YES;
				CLANG_WARN_COMMA = YES;
				CLANG_WARN_CONSTANT_CONVERSION = YES;
				CLANG_WARN_DEPRECATED_OBJC_IMPLEMENTATIONS = YES;
				CLANG_WARN_DIRECT_OBJC_ISA_USAGE = YES_ERROR;
				CLANG_WARN_DOCUMENTATION_COMMENTS = YES;
				CLANG_WARN_EMPTY_BODY = YES;
				CLANG_WARN_ENUM_CONVERSION = YES;
				CLANG_WARN_INFINITE_RECURSION = YES;
				CLANG_WARN_INT_CONVERSION = YES;
				CLANG_WARN_NON_LITERAL_NULL_CONVERSION = YES;
				CLANG_WARN_OBJC_IMPLICIT_RETAIN_SELF = YES;
				CLANG_WARN_OBJC_LITERAL_CONVERSION = YES;
				CLANG_WARN_OBJC_ROOT_CLASS = YES_ERROR;
				CLANG_WARN_RANGE_LOOP_ANALYSIS = YES;
				CLANG_WARN_STRICT_PROTOTYPES = YES;
				CLANG_WARN_SUSPICIOUS_MOVE = YES;
				CLANG_WARN_UNGUARDED_AVAILABILITY = YES_AGGRESSIVE;
				CLANG_WARN_UNREACHABLE_CODE = YES;
				CLANG_WARN__DUPLICATE_METHOD_MATCH = YES;
				CODE_SIGN_IDENTITY = "iPhone Developer";
				COPY_PHASE_STRIP = NO;
				CURRENT_PROJECT_VERSION = 1;
				DEBUG_INFORMATION_FORMAT = "dwarf-with-dsym";
				ENABLE_NS_ASSERTIONS = NO;
				ENABLE_STRICT_OBJC_MSGSEND = YES;
				GCC_C_LANGUAGE_STANDARD = gnu11;
				GCC_NO_COMMON_BLOCKS = YES;
				GCC_WARN_64_TO_32_BIT_CONVERSION = YES;
				GCC_WARN_ABOUT_RETURN_TYPE = YES_ERROR;
				GCC_WARN_UNDECLARED_SELECTOR = YES;
				GCC_WARN_UNINITIALIZED_AUTOS = YES_AGGRESSIVE;
				GCC_WARN_UNUSED_FUNCTION = YES;
				GCC_WARN_UNUSED_VARIABLE = YES;
				IPHONEOS_DEPLOYMENT_TARGET = 12.0;
				MTL_ENABLE_DEBUG_INFO = NO;
				MTL_FAST_MATH = YES;
				SDKROOT = iphoneos;
				SWIFT_COMPILATION_MODE = wholemodule;
				SWIFT_OPTIMIZATION_LEVEL = "-O";
				VALIDATE_PRODUCT = YES;
				VERSIONING_SYSTEM = "apple-generic";
				VERSION_INFO_PREFIX = "";
			};
			name = Release;
		};
		CA2586D9251DBC4E00920513 /* Debug */ = {
			isa = XCBuildConfiguration;
			buildSettings = {
				CLANG_ENABLE_MODULES = YES;
				CODE_SIGN_IDENTITY = "";
				CODE_SIGN_STYLE = Automatic;
				DEFINES_MODULE = YES;
				DYLIB_COMPATIBILITY_VERSION = 1;
				DYLIB_CURRENT_VERSION = 1;
				DYLIB_INSTALL_NAME_BASE = "@rpath";
				INFOPLIST_FILE = JetRequest/Info.plist;
				INSTALL_PATH = "$(LOCAL_LIBRARY_DIR)/Frameworks";
				LD_RUNPATH_SEARCH_PATHS = (
					"$(inherited)",
					"@executable_path/Frameworks",
					"@loader_path/Frameworks",
				);
				PRODUCT_BUNDLE_IDENTIFIER = yousef.JetRequest;
				PRODUCT_NAME = "$(TARGET_NAME:c99extidentifier)";
				SKIP_INSTALL = YES;
				SWIFT_OPTIMIZATION_LEVEL = "-Onone";
				SWIFT_VERSION = 4.2;
				TARGETED_DEVICE_FAMILY = "1,2";
			};
			name = Debug;
		};
		CA2586DA251DBC4E00920513 /* Release */ = {
			isa = XCBuildConfiguration;
			buildSettings = {
				CLANG_ENABLE_MODULES = YES;
				CODE_SIGN_IDENTITY = "";
				CODE_SIGN_STYLE = Automatic;
				DEFINES_MODULE = YES;
				DYLIB_COMPATIBILITY_VERSION = 1;
				DYLIB_CURRENT_VERSION = 1;
				DYLIB_INSTALL_NAME_BASE = "@rpath";
				INFOPLIST_FILE = JetRequest/Info.plist;
				INSTALL_PATH = "$(LOCAL_LIBRARY_DIR)/Frameworks";
				LD_RUNPATH_SEARCH_PATHS = (
					"$(inherited)",
					"@executable_path/Frameworks",
					"@loader_path/Frameworks",
				);
				PRODUCT_BUNDLE_IDENTIFIER = yousef.JetRequest;
				PRODUCT_NAME = "$(TARGET_NAME:c99extidentifier)";
				SKIP_INSTALL = YES;
				SWIFT_VERSION = 4.2;
				TARGETED_DEVICE_FAMILY = "1,2";
			};
			name = Release;
		};
		CA2586DC251DBC4E00920513 /* Debug */ = {
			isa = XCBuildConfiguration;
			buildSettings = {
				ALWAYS_EMBED_SWIFT_STANDARD_LIBRARIES = YES;
				CODE_SIGN_STYLE = Automatic;
				INFOPLIST_FILE = JetRequestTests/Info.plist;
				LD_RUNPATH_SEARCH_PATHS = (
					"$(inherited)",
					"@executable_path/Frameworks",
					"@loader_path/Frameworks",
				);
				PRODUCT_BUNDLE_IDENTIFIER = yousef.JetRequestTests;
				PRODUCT_NAME = "$(TARGET_NAME)";
				SWIFT_VERSION = 4.2;
				TARGETED_DEVICE_FAMILY = "1,2";
			};
			name = Debug;
		};
		CA2586DD251DBC4E00920513 /* Release */ = {
			isa = XCBuildConfiguration;
			buildSettings = {
				ALWAYS_EMBED_SWIFT_STANDARD_LIBRARIES = YES;
				CODE_SIGN_STYLE = Automatic;
				INFOPLIST_FILE = JetRequestTests/Info.plist;
				LD_RUNPATH_SEARCH_PATHS = (
					"$(inherited)",
					"@executable_path/Frameworks",
					"@loader_path/Frameworks",
				);
				PRODUCT_BUNDLE_IDENTIFIER = yousef.JetRequestTests;
				PRODUCT_NAME = "$(TARGET_NAME)";
				SWIFT_VERSION = 4.2;
				TARGETED_DEVICE_FAMILY = "1,2";
			};
			name = Release;
		};
/* End XCBuildConfiguration section */

/* Begin XCConfigurationList section */
		CA2586BE251DBC4D00920513 /* Build configuration list for PBXProject "JetRequest" */ = {
			isa = XCConfigurationList;
			buildConfigurations = (
				CA2586D6251DBC4E00920513 /* Debug */,
				CA2586D7251DBC4E00920513 /* Release */,
			);
			defaultConfigurationIsVisible = 0;
			defaultConfigurationName = Release;
		};
		CA2586D8251DBC4E00920513 /* Build configuration list for PBXNativeTarget "JetRequest" */ = {
			isa = XCConfigurationList;
			buildConfigurations = (
				CA2586D9251DBC4E00920513 /* Debug */,
				CA2586DA251DBC4E00920513 /* Release */,
			);
			defaultConfigurationIsVisible = 0;
			defaultConfigurationName = Release;
		};
		CA2586DB251DBC4E00920513 /* Build configuration list for PBXNativeTarget "JetRequestTests" */ = {
			isa = XCConfigurationList;
			buildConfigurations = (
				CA2586DC251DBC4E00920513 /* Debug */,
				CA2586DD251DBC4E00920513 /* Release */,
			);
			defaultConfigurationIsVisible = 0;
			defaultConfigurationName = Release;
		};
/* End XCConfigurationList section */
	};
	rootObject = CA2586BB251DBC4D00920513 /* Project object */;
}
